
Microsoft Visual Studio Solution File, Format Version 12.00
# Visual Studio Version 16
VisualStudioVersion = 16.0.31729.503
MinimumVisualStudioVersion = 10.0.40219.1
Project("{FAE04EC0-301F-11D3-BF4B-00C04F79EFBC}") = "biblio_V3", "biblio_V3\biblio_V3.csproj", "{1D7BF26A-D3DE-4B58-8450-0B09366BA777}"
EndProject
Global
	GlobalSection(SolutionConfigurationPlatforms) = preSolution
		Debug|Any CPU = Debug|Any CPU
		Release|Any CPU = Release|Any CPU
	EndGlobalSection
	GlobalSection(ProjectConfigurationPlatforms) = postSolution
		{1D7BF26A-D3DE-4B58-8450-0B09366BA777}.Debug|Any CPU.ActiveCfg = Debug|Any CPU
		{1D7BF26A-D3DE-4B58-8450-0B09366BA777}.Debug|Any CPU.Build.0 = Debug|Any CPU
		{1D7BF26A-D3DE-4B58-8450-0B09366BA777}.Release|Any CPU.ActiveCfg = Release|Any CPU
		{1D7BF26A-D3DE-4B58-8450-0B09366BA777}.Release|Any CPU.Build.0 = Release|Any CPU
	EndGlobalSection
	GlobalSection(SolutionProperties) = preSolution
		HideSolutionNode = FALSE
	EndGlobalSection
	GlobalSection(ExtensibilityGlobals) = postSolution
		SolutionGuid = {39E7EB76-17A7-401D-AEE9-837F2350CBC9}
	EndGlobalSection
EndGlobal
